
Microsoft Visual Studio Solution File, Format Version 12.00
# Visual Studio Version 17
VisualStudioVersion = 17.4.33213.308
MinimumVisualStudioVersion = 10.0.40219.1
Project("{FAE04EC0-301F-11D3-BF4B-00C04F79EFBC}") = "HW4LiYin", "HW4LiYin\HW4LiYin.csproj", "{63C8C77B-0526-48EC-89DF-7623519341DB}"
EndProject
Global
	GlobalSection(SolutionConfigurationPlatforms) = preSolution
		Debug|Any CPU = Debug|Any CPU
		Release|Any CPU = Release|Any CPU
	EndGlobalSection
	GlobalSection(ProjectConfigurationPlatforms) = postSolution
		{63C8C77B-0526-48EC-89DF-7623519341DB}.Debug|Any CPU.ActiveCfg = Debug|Any CPU
		{63C8C77B-0526-48EC-89DF-7623519341DB}.Debug|Any CPU.Build.0 = Debug|Any CPU
		{63C8C77B-0526-48EC-89DF-7623519341DB}.Release|Any CPU.ActiveCfg = Release|Any CPU
		{63C8C77B-0526-48EC-89DF-7623519341DB}.Release|Any CPU.Build.0 = Release|Any CPU
	EndGlobalSection
	GlobalSection(SolutionProperties) = preSolution
		HideSolutionNode = FALSE
	EndGlobalSection
	GlobalSection(ExtensibilityGlobals) = postSolution
		SolutionGuid = {5FEBF717-43DD-4826-89ED-F4CF72EAB002}
	EndGlobalSection
EndGlobal
